PODS:
  - Alamofire (4.7.2)
  - Hero (1.2.0)
  - SwiftyJSON (4.1.0)

DEPENDENCIES:
  - Alamofire (~> 4.5)
  - Hero (~> 1.0)
  - SwiftyJSON

SPEC CHECKSUMS:
  Alamofire: e4fa87002c137ba2d8d634d2c51fabcda0d5c223
  Hero: 33dadf2cd1c98af71e213dcbc2902e6e03622a4e
  SwiftyJSON: c29297daf073d2aa016295d5809cdd68045c39b3

PODFILE CHECKSUM: 64728a77b5e234662b13b363a3497c704ceb3869

COCOAPODS: 1.4.0
